# THIS IS AN AUTOGENERATED FILE. DO NOT EDIT THIS FILE DIRECTLY.
# yarn lockfile v1


"@iarna/toml@^2.2.5":
  version "2.2.5"
  resolved "https://registry.yarnpkg.com/@iarna/toml/-/toml-2.2.5.tgz#b32366c89b43c6f8cefbdefac778b9c828e3ba8c"
  integrity sha512-trnsAYxU3xnS1gPHPyU961coFyLkh4gAD/0zQ5mymY4yOZ+CYvsPqUbOFSw0aDM4y0tV7tiFxL/1XfXPNC6IPg==

ansi-styles@^3.2.1:
  version "3.2.1"
  resolved "https://registry.yarnpkg.com/ansi-styles/-/ansi-styles-3.2.1.tgz#41fbb20243e50b12be0f04b8dedbf07520ce841d"
  integrity sha512-VT0ZI6kZRdTh8YyJw3SMbYm/u+NqfsAxEpWO0Pf9sq8/e94WxxOpPKx9FR1FlyCtOVDNOQ+8ntlqFxiRc+r5qA==
  dependencies:
    color-convert "^1.9.0"

any-promise@^1.0.0:
  version "1.3.0"
  resolved "https://registry.yarnpkg.com/any-promise/-/any-promise-1.3.0.tgz#abc6afeedcea52e809cdc0376aed3ce39635d17f"
  integrity sha1-q8av7tzqUugJzcA3au0845Y10X8=

base64-js@^1.2.3:
  version "1.5.1"
  resolved "https://registry.yarnpkg.com/base64-js/-/base64-js-1.5.1.tgz#1b1b440160a5bf7ad40b650f095963481903930a"
  integrity sha512-AKpaYlHn8t4SVbOHCy+b5+KKgvR4vrsD8vbvrbiQJps7fKDTkjkDry6ji0rUJjC0kzbNePLwzxq8iypo41qeWA==

chalk@^2.4.1:
  version "2.4.2"
  resolved "https://registry.yarnpkg.com/chalk/-/chalk-2.4.2.tgz#cd42541677a54333cf541a49108c1432b44c9424"
  integrity sha512-Mti+f9lpJNcwF4tWV8/OrTTtF1gZi+f8FqlyAdouralcFWFQWF2+NgCHShjkCb+IFBLq9buZwE1xckQU4peSuQ==
  dependencies:
    ansi-styles "^3.2.1"
    escape-string-regexp "^1.0.5"
    supports-color "^5.3.0"

cidr-regex@^1.0.7:
  version "1.0.7"
  resolved "https://registry.yarnpkg.com/cidr-regex/-/cidr-regex-1.0.7.tgz#3782fefb79c81d7d330690cde31a0fe3445fd39b"
  integrity sha1-N4L++3nIHX0zBpDN4xoP40Rf05s=

clone@^2.1.2:
  version "2.1.2"
  resolved "https://registry.yarnpkg.com/clone/-/clone-2.1.2.tgz#1b7f4b9f591f1e8f83670401600345a02887435f"
  integrity sha1-G39Ln1kfHo+DZwQBYANFoCiHQ18=

coffeescript@1.12.7:
  version "1.12.7"
  resolved "https://registry.yarnpkg.com/coffeescript/-/coffeescript-1.12.7.tgz#e57ee4c4867cf7f606bfc4a0f2d550c0981ddd27"
  integrity sha512-pLXHFxQMPklVoEekowk8b3erNynC+DVJzChxS/LCBBgR6/8AJkHivkm//zbowcfc7BTCAjryuhx6gPqPRfsFoA==

color-convert@^1.9.0:
  version "1.9.3"
  resolved "https://registry.yarnpkg.com/color-convert/-/color-convert-1.9.3.tgz#bb71850690e1f136567de629d2d5471deda4c1e8"
  integrity sha512-QfAUtd+vFdAtFQcC8CCyYt1fYWxSqAiK2cSD6zDB8N3cpsEBAvRxp9zOGg6G/SHHJYAT88/az/IuDGALsNVbGg==
  dependencies:
    color-name "1.1.3"

color-name@1.1.3:
  version "1.1.3"
  resolved "https://registry.yarnpkg.com/color-name/-/color-name-1.1.3.tgz#a7d0558bd89c42f795dd42328f740831ca53bc25"
  integrity sha1-p9BVi9icQveV3UIyj3QIMcpTvCU=

cson-parser@^4.0.5:
  version "4.0.7"
  resolved "https://registry.yarnpkg.com/cson-parser/-/cson-parser-4.0.7.tgz#41cfbcb16f6481d7dbd8e80784db1d87a2bbd04d"
  integrity sha512-BSnAl0gllETWjU9/lb8MmeqhsGaRINPwhoPiBjI/TJBRvKf/24I9EVqnwvmk6R3Gt66cMRSGVktl6QicxIb72g==
  dependencies:
    coffeescript "1.12.7"

cson@^7.20.0:
  version "7.20.0"
  resolved "https://registry.yarnpkg.com/cson/-/cson-7.20.0.tgz#638f7ef2bd108151484d6f6613ae2717b4156226"
  integrity sha512-K7g/86vC77mJqi6PRFhd3p8U/y0R6SsCeTJb5RpOAaQdApHxCoK5JwfZ8WeJjpOZ6lyyi8tNvh3UuC184H3GWg==
  dependencies:
    cson-parser "^4.0.5"
    extract-opts "^4.3.0"
    requirefresh "^4.12.0"
    safefs "^6.12.0"

eachr@^4.5.0:
  version "4.5.0"
  resolved "https://registry.yarnpkg.com/eachr/-/eachr-4.5.0.tgz#495eb3aab6a41811da1e04e510424df32075cf04"
  integrity sha512-9I664RWp6p8jvcHZIwo7bWaiSaUmA1wNSLKwNZEiaYjqiTARq3cGjyRiIunsopZv4QMmX3T5Hs17QoPAzdYxfg==
  dependencies:
    typechecker "^6.2.0"

escape-string-regexp@^1.0.5:
  version "1.0.5"
  resolved "https://registry.yarnpkg.com/escape-string-regexp/-/escape-string-regexp-1.0.5.tgz#1b61c0562190a8dff6ae3bb2cf0200ca130b86d4"
  integrity sha1-G2HAViGQqN/2rjuyzwIAyhMLhtQ=

execute-shell-promise@^1.0.1:
  version "1.0.1"
  resolved "https://registry.yarnpkg.com/execute-shell-promise/-/execute-shell-promise-1.0.1.tgz#a2e008d27933129b56926d905b54c403f048f551"
  integrity sha1-ouAI0nkzEptWkm2QW1TEA/BI9VE=

extract-opts@^4.3.0:
  version "4.3.0"
  resolved "https://registry.yarnpkg.com/extract-opts/-/extract-opts-4.3.0.tgz#ee0a797249abb77e449bdaaba66ebeff4775505e"
  integrity sha512-Dmssi1tgKJkQsVmbP7TgW/kbdc42SAsNf6h9ClweP+dS7O24YYMTXsNwPelxhx0LF15npiWwY5ahKtyQiNgxWA==
  dependencies:
    eachr "^4.5.0"
    typechecker "^6.2.0"

get-ip-range@^2.1.0:
  version "2.1.1"
  resolved "https://registry.yarnpkg.com/get-ip-range/-/get-ip-range-2.1.1.tgz#0e67edb2a72a6d13f64b4e9060ac14d229edd147"
  integrity sha512-n401kTpf57VhbW2UvInXxhw1DgTJSsZf24gpNhJrFU8Cv+Jk/sQ+qukP2x0EF4MUEjDWlDLeIhIY/f80IV0kqg==
  dependencies:
    cidr-regex "^1.0.7"
    ip "^1.1.5"
    ip-address "^6.1.0"

graceful-fs@^4.2.4:
  version "4.2.4"
  resolved "https://registry.yarnpkg.com/graceful-fs/-/graceful-fs-4.2.4.tgz#2256bde14d3632958c465ebc96dc467ca07a29fb"
  integrity sha512-WjKPNJF79dtJAVniUlGGWHYGz2jWxT6VhN/4m1NdkbZ2nOsEF+cI1Edgql5zCRhs/VsQYRvrXctxktVXZUkixw==

has-flag@^3.0.0:
  version "3.0.0"
  resolved "https://registry.yarnpkg.com/has-flag/-/has-flag-3.0.0.tgz#b5d454dc2199ae225699f3467e5a07f3b955bafd"
  integrity sha1-tdRU3CGZriJWmfNGfloH87lVuv0=

ip-address@^6.1.0:
  version "6.4.0"
  resolved "https://registry.yarnpkg.com/ip-address/-/ip-address-6.4.0.tgz#8f7d43e76002a1c3c230792c748f5d8c143f908a"
  integrity sha512-c5uxc2WUTuRBVHT/6r4m7HIr/DfV0bF6DvLH3iZGSK8wp8iMwwZSgIq2do0asFf8q9ECug0SE+6+1ACMe4sorA==
  dependencies:
    jsbn "1.1.0"
    lodash.find "4.6.0"
    lodash.max "4.0.1"
    lodash.merge "4.6.2"
    lodash.padstart "4.6.1"
    lodash.repeat "4.1.0"
    sprintf-js "1.1.2"

ip@^1.1.5:
  version "1.1.5"
  resolved "https://registry.yarnpkg.com/ip/-/ip-1.1.5.tgz#bdded70114290828c0a039e72ef25f5aaec4354a"
  integrity sha1-vd7XARQpCCjAoDnnLvJfWq7ENUo=

jsbn@1.1.0:
  version "1.1.0"
  resolved "https://registry.yarnpkg.com/jsbn/-/jsbn-1.1.0.tgz#b01307cb29b618a1ed26ec79e911f803c4da0040"
  integrity sha1-sBMHyym2GKHtJux56RH4A8TaAEA=

json-stringify-pretty-compact@^2.0.0:
  version "2.0.0"
  resolved "https://registry.yarnpkg.com/json-stringify-pretty-compact/-/json-stringify-pretty-compact-2.0.0.tgz#e77c419f52ff00c45a31f07f4c820c2433143885"
  integrity sha512-WRitRfs6BGq4q8gTgOy4ek7iPFXjbra0H3PmDLKm2xnZ+Gh1HUhiKGgCZkSPNULlP7mvfu6FV/mOLhCarspADQ==

local-devices@^3.1.0:
  version "3.1.0"
  resolved "https://registry.yarnpkg.com/local-devices/-/local-devices-3.1.0.tgz#d0f8e8cfbadf2032685334d076f6b02249021d12"
  integrity sha512-F0AFnjc5PJFNp4aVub6pV1/VqlXUQc/RBpBA2wyBLfDuXls3Ap25dOv9/7pWK2GDdcFVVi7IgBrMJXCH3txq0Q==
  dependencies:
    get-ip-range "^2.1.0"
    ip "^1.1.5"
    mz "^2.7.0"

lodash.find@4.6.0:
  version "4.6.0"
  resolved "https://registry.yarnpkg.com/lodash.find/-/lodash.find-4.6.0.tgz#cb0704d47ab71789ffa0de8b97dd926fb88b13b1"
  integrity sha1-ywcE1Hq3F4n/oN6Ll92Sb7iLE7E=

lodash.max@4.0.1:
  version "4.0.1"
  resolved "https://registry.yarnpkg.com/lodash.max/-/lodash.max-4.0.1.tgz#8735566c618b35a9f760520b487ae79658af136a"
  integrity sha1-hzVWbGGLNan3YFILSHrnllivE2o=

lodash.merge@4.6.2:
  version "4.6.2"
  resolved "https://registry.yarnpkg.com/lodash.merge/-/lodash.merge-4.6.2.tgz#558aa53b43b661e1925a0afdfa36a9a1085fe57a"
  integrity sha512-0KpjqXRVvrYyCsX1swR/XTK0va6VQkQM6MNo7PqW77ByjAhoARA8EfrP1N4+KlKj8YS0ZUCtRT/YUuhyYDujIQ==

lodash.padstart@4.6.1:
  version "4.6.1"
  resolved "https://registry.yarnpkg.com/lodash.padstart/-/lodash.padstart-4.6.1.tgz#d2e3eebff0d9d39ad50f5cbd1b52a7bce6bb611b"
  integrity sha1-0uPuv/DZ05rVD1y9G1KnvOa7YRs=

lodash.repeat@4.1.0:
  version "4.1.0"
  resolved "https://registry.yarnpkg.com/lodash.repeat/-/lodash.repeat-4.1.0.tgz#fc7de8131d8c8ac07e4b49f74ffe829d1f2bec44"
  integrity sha1-/H3oEx2MisB+S0n3T/6CnR8r7EQ=

multigrain@^2.0.3:
  version "2.0.3"
  resolved "https://registry.yarnpkg.com/multigrain/-/multigrain-2.0.3.tgz#07224a1796e3c2493c9e9ae09a45b58ddabada99"
  integrity sha512-zrAX9eYmMRIsMi++geZ18jlPnVEUYFrRH4MKwWnsQJREPvOlhSej0VhFqNiUoA3t7RhMz6nmKlJCLjAbgibM9Q==
  dependencies:
    "@iarna/toml" "^2.2.5"
    clone "^2.1.2"
    cson "^7.20.0"
    json-stringify-pretty-compact "^2.0.0"
    plist "^3.0.1"
    yaml "^1.10.0"

mz@^2.7.0:
  version "2.7.0"
  resolved "https://registry.yarnpkg.com/mz/-/mz-2.7.0.tgz#95008057a56cafadc2bc63dde7f9ff6955948e32"
  integrity sha512-z81GNO7nnYMEhrGh9LeymoE4+Yr0Wn5McHIZMK5cfQCl+NDX08sCZgUc9/6MHni9IWuFLm1Z3HTCXu2z9fN62Q==
  dependencies:
    any-promise "^1.0.0"
    object-assign "^4.0.1"
    thenify-all "^1.0.0"

nanoid@^2.1.0:
  version "2.1.11"
  resolved "https://registry.yarnpkg.com/nanoid/-/nanoid-2.1.11.tgz#ec24b8a758d591561531b4176a01e3ab4f0f0280"
  integrity sha512-s/snB+WGm6uwi0WjsZdaVcuf3KJXlfGl2LcxgwkEwJF0D/BWzVWAZW/XY4bFaiR7s0Jk3FPvlnepg1H1b1UwlA==

node-powershell@^4.0.0:
  version "4.0.0"
  resolved "https://registry.yarnpkg.com/node-powershell/-/node-powershell-4.0.0.tgz#f3a0b1ec4f5619b501b66005f8a663c8373e8da8"
  integrity sha512-WCZMLgwkjW9G/DZsZwyCEAXhMMzShLRUlnYS+EETRqRLSdUMbuO4xiQxIOeAutwQgvj75NvC58CorHFlx0olIA==
  dependencies:
    chalk "^2.4.1"
    shortid "^2.2.14"

object-assign@^4.0.1:
  version "4.1.1"
  resolved "https://registry.yarnpkg.com/object-assign/-/object-assign-4.1.1.tgz#2109adc7965887cfc05cbbd442cac8bfbb360863"
  integrity sha1-IQmtx5ZYh8/AXLvUQsrIv7s2CGM=

plist@^3.0.1:
  version "3.0.1"
  resolved "https://registry.yarnpkg.com/plist/-/plist-3.0.1.tgz#a9b931d17c304e8912ef0ba3bdd6182baf2e1f8c"
  integrity sha512-GpgvHHocGRyQm74b6FWEZZVRroHKE1I0/BTjAmySaohK+cUn+hZpbqXkc3KWgW3gQYkqcQej35FohcT0FRlkRQ==
  dependencies:
    base64-js "^1.2.3"
    xmlbuilder "^9.0.7"
    xmldom "0.1.x"

requirefresh@^4.12.0:
  version "4.13.0"
  resolved "https://registry.yarnpkg.com/requirefresh/-/requirefresh-4.13.0.tgz#bd4edaf45bf0194cbccecbc444794d1012604f21"
  integrity sha512-APrzWWxqnwE2Bz3ysFepAU0Dc0aYjn8jsDLFIegedn+KVCS9LykAclkf+6YaJXk3ON9l6QAm04rN+bEA89cGIg==

safefs@^6.12.0:
  version "6.14.0"
  resolved "https://registry.yarnpkg.com/safefs/-/safefs-6.14.0.tgz#edf11702c6696bf6b1dc6aee4753b465c5034a88"
  integrity sha512-giMaaBcOFXBBOlzppPg3BQa1fi55HQoTeK/V1NNFGT3iT+FWtfcweEWeq7cRjnpneIZwjYNk1PGDL+9YvD95HA==
  dependencies:
    graceful-fs "^4.2.4"

shortid@^2.2.14:
  version "2.2.16"
  resolved "https://registry.yarnpkg.com/shortid/-/shortid-2.2.16.tgz#b742b8f0cb96406fd391c76bfc18a67a57fe5608"
  integrity sha512-Ugt+GIZqvGXCIItnsL+lvFJOiN7RYqlGy7QE41O3YC1xbNSeDGIRO7xg2JJXIAj1cAGnOeC1r7/T9pgrtQbv4g==
  dependencies:
    nanoid "^2.1.0"

sprintf-js@1.1.2:
  version "1.1.2"
  resolved "https://registry.yarnpkg.com/sprintf-js/-/sprintf-js-1.1.2.tgz#da1765262bf8c0f571749f2ad6c26300207ae673"
  integrity sha512-VE0SOVEHCk7Qc8ulkWw3ntAzXuqf7S2lvwQaDLRnUeIEaKNQJzV6BwmLKhOqT61aGhfUMrXeaBk+oDGCzvhcug==

supports-color@^5.3.0:
  version "5.5.0"
  resolved "https://registry.yarnpkg.com/supports-color/-/supports-color-5.5.0.tgz#e2e69a44ac8772f78a1ec0b35b689df6530efc8f"
  integrity sha512-QjVjwdXIt408MIiAqCX4oUKsgU2EqAGzs2Ppkm4aQYbjm+ZEWEcW4SfFNTr4uMNZma0ey4f5lgLrkB0aX0QMow==
  dependencies:
    has-flag "^3.0.0"

systeminformation@^4.28.1:
  version "4.31.0"
  resolved "https://registry.yarnpkg.com/systeminformation/-/systeminformation-4.31.0.tgz#24da1f4ba904de8ac66e71be656fef0a234e1d72"
  integrity sha512-j1eNsuHxpW00RpxSvLy2IJHXpH54TyzZGQRTSFM5flD+dl83qmZ7TWIPnVkACMgHFABkL95I4KTf6S7aRsGUWg==

thenify-all@^1.0.0:
  version "1.6.0"
  resolved "https://registry.yarnpkg.com/thenify-all/-/thenify-all-1.6.0.tgz#1a1918d402d8fc3f98fbf234db0bcc8cc10e9726"
  integrity sha1-GhkY1ALY/D+Y+/I02wvMjMEOlyY=
  dependencies:
    thenify ">= 3.1.0 < 4"

"thenify@>= 3.1.0 < 4":
  version "3.3.1"
  resolved "https://registry.yarnpkg.com/thenify/-/thenify-3.3.1.tgz#8932e686a4066038a016dd9e2ca46add9838a95f"
  integrity sha512-RVZSIV5IG10Hk3enotrhvz0T9em6cyHBLkH/YAZuKqd8hRkKhSfCGIcP2KUY0EPxndzANBmNllzWPwak+bheSw==
  dependencies:
    any-promise "^1.0.0"

typechecker@^6.2.0:
  version "6.4.0"
  resolved "https://registry.yarnpkg.com/typechecker/-/typechecker-6.4.0.tgz#c087dc744c5a0f17524d58a17eb31a9660ab7324"
  integrity sha512-EbOu+9szY13mhl0EsvLXnR+pTCa3gTHQQPLdce72ujcC9fRHXlVFBNXtHeRhgzLxLlKUh4zA9C0tezLDgshf+A==

xmlbuilder@^9.0.7:
  version "9.0.7"
  resolved "https://registry.yarnpkg.com/xmlbuilder/-/xmlbuilder-9.0.7.tgz#132ee63d2ec5565c557e20f4c22df9aca686b10d"
  integrity sha1-Ey7mPS7FVlxVfiD0wi35rKaGsQ0=

xmldom@0.1.x:
  version "0.1.31"
  resolved "https://registry.yarnpkg.com/xmldom/-/xmldom-0.1.31.tgz#b76c9a1bd9f0a9737e5a72dc37231cf38375e2ff"
  integrity sha512-yS2uJflVQs6n+CyjHoaBmVSqIDevTAWrzMmjG1Gc7h1qQ7uVozNhEPJAwZXWyGQ/Gafo3fCwrcaokezLPupVyQ==

yaml@^1.10.0:
  version "1.10.0"
  resolved "https://registry.yarnpkg.com/yaml/-/yaml-1.10.0.tgz#3b593add944876077d4d683fee01081bd9fff31e"
  integrity sha512-yr2icI4glYaNG+KWONODapy2/jDdMSDnrONSjblABjD9B4Z5LgiircSt8m8sRZFNi08kG9Sm0uSHtEmP3zaEGg==
